// !$*UTF8*$!
{
	archiveVersion = 1;
	classes = {
	};
	objectVersion = 50;
	objects = {

/* Begin PBXBuildFile section */
		454E8A752486512D00E8CE0F /* Pie.swift in Sources */ = {isa = PBXBuildFile; fileRef = 454E8A742486512D00E8CE0F /* Pie.swift */; };
		456B4F5824753981008A7B86 /* AppDelegate.swift in Sources */ = {isa = PBXBuildFile; fileRef = 456B4F5724753981008A7B86 /* AppDelegate.swift */; };
		456B4F5A24753981008A7B86 /* SceneDelegate.swift in Sources */ = {isa = PBXBuildFile; fileRef = 456B4F5924753981008A7B86 /* SceneDelegate.swift */; };
		456B4F5C24753981008A7B86 /* EmojiNameGameView.swift in Sources */ = {isa = PBXBuildFile; fileRef = 456B4F5B24753981008A7B86 /* EmojiNameGameView.swift */; };
		456B4F5E24753984008A7B86 /* Assets.xcassets in Resources */ = {isa = PBXBuildFile; fileRef = 456B4F5D24753984008A7B86 /* Assets.xcassets */; };
		456B4F6124753984008A7B86 /* Preview Assets.xcassets in Resources */ = {isa = PBXBuildFile; fileRef = 456B4F6024753984008A7B86 /* Preview Assets.xcassets */; };
		456B4F6424753984008A7B86 /* LaunchScreen.storyboard in Resources */ = {isa = PBXBuildFile; fileRef = 456B4F6224753984008A7B86 /* LaunchScreen.storyboard */; };
		45936147247D5611000D71DF /* Grid.swift in Sources */ = {isa = PBXBuildFile; fileRef = 45936146247D5611000D71DF /* Grid.swift */; };
		45936149247D6135000D71DF /* GridLayout.swift in Sources */ = {isa = PBXBuildFile; fileRef = 45936148247D6135000D71DF /* GridLayout.swift */; };
		4593614B247D659F000D71DF /* Array+Identifiable.swift in Sources */ = {isa = PBXBuildFile; fileRef = 4593614A247D659F000D71DF /* Array+Identifiable.swift */; };
		4593614D247D9EC7000D71DF /* Array+Only.swift in Sources */ = {isa = PBXBuildFile; fileRef = 4593614C247D9EC7000D71DF /* Array+Only.swift */; };
		45B78464247AADBD002436AE /* MemoryGame.swift in Sources */ = {isa = PBXBuildFile; fileRef = 45B78463247AADBD002436AE /* MemoryGame.swift */; };
		45B78468247AB14B002436AE /* EmojiMemoryGame.swift in Sources */ = {isa = PBXBuildFile; fileRef = 45B78467247AB14B002436AE /* EmojiMemoryGame.swift */; };
/* End PBXBuildFile section */

/* Begin PBXFileReference section */
		454E8A742486512D00E8CE0F /* Pie.swift */ = {isa = PBXFileReference; lastKnownFileType = sourcecode.swift; path = Pie.swift; sourceTree = "<group>"; };
		456B4F5424753981008A7B86 /* Memorize-SwiftUI.app */ = {isa = PBXFileReference; explicitFileType = wrapper.application; includeInIndex = 0; path = "Memorize-SwiftUI.app"; sourceTree = BUILT_PRODUCTS_DIR; };
		456B4F5724753981008A7B86 /* AppDelegate.swift */ = {isa = PBXFileReference; lastKnownFileType = sourcecode.swift; path = AppDelegate.swift; sourceTree = "<group>"; };
		456B4F5924753981008A7B86 /* SceneDelegate.swift */ = {isa = PBXFileReference; lastKnownFileType = sourcecode.swift; path = SceneDelegate.swift; sourceTree = "<group>"; };
		456B4F5B24753981008A7B86 /* EmojiNameGameView.swift */ = {isa = PBXFileReference; lastKnownFileType = sourcecode.swift; path = EmojiNameGameView.swift; sourceTree = "<group>"; };
		456B4F5D24753984008A7B86 /* Assets.xcassets */ = {isa = PBXFileReference; lastKnownFileType = folder.assetcatalog; path = Assets.xcassets; sourceTree = "<group>"; };
		456B4F6024753984008A7B86 /* Preview Assets.xcassets */ = {isa = PBXFileReference; lastKnownFileType = folder.assetcatalog; path = "Preview Assets.xcassets"; sourceTree = "<group>"; };
		456B4F6324753984008A7B86 /* Base */ = {isa = PBXFileReference; lastKnownFileType = file.storyboard; name = Base; path = Base.lproj/LaunchScreen.storyboard; sourceTree = "<group>"; };
		456B4F6524753984008A7B86 /* Info.plist */ = {isa = PBXFileReference; lastKnownFileType = text.plist.xml; path = Info.plist; sourceTree = "<group>"; };
		45936146247D5611000D71DF /* Grid.swift */ = {isa = PBXFileReference; lastKnownFileType = sourcecode.swift; path = Grid.swift; sourceTree = "<group>"; };
		45936148247D6135000D71DF /* GridLayout.swift */ = {isa = PBXFileReference; fileEncoding = 4; lastKnownFileType = sourcecode.swift; path = GridLayout.swift; sourceTree = "<group>"; };
		4593614A247D659F000D71DF /* Array+Identifiable.swift */ = {isa = PBXFileReference; lastKnownFileType = sourcecode.swift; path = "Array+Identifiable.swift"; sourceTree = "<group>"; };
		4593614C247D9EC7000D71DF /* Array+Only.swift */ = {isa = PBXFileReference; lastKnownFileType = sourcecode.swift; path = "Array+Only.swift"; sourceTree = "<group>"; };
		45B78463247AADBD002436AE /* MemoryGame.swift */ = {isa = PBXFileReference; lastKnownFileType = sourcecode.swift; path = MemoryGame.swift; sourceTree = "<group>"; };
		45B78467247AB14B002436AE /* EmojiMemoryGame.swift */ = {isa = PBXFileReference; lastKnownFileType = sourcecode.swift; path = EmojiMemoryGame.swift; sourceTree = "<group>"; };
/* End PBXFileReference section */

/* Begin PBXFrameworksBuildPhase section */
		456B4F5124753981008A7B86 /* Frameworks */ = {
			isa = PBXFrameworksBuildPhase;
			buildActionMask = 2147483647;
			files = (
			);
			runOnlyForDeploymentPostprocessing = 0;
		};
/* End PBXFrameworksBuildPhase section */

/* Begin PBXGroup section */
		456B4F4B24753981008A7B86 = {
			isa = PBXGroup;
			children = (
				456B4F5624753981008A7B86 /* Memorize-SwiftUI */,
				456B4F5524753981008A7B86 /* Products */,
			);
			sourceTree = "<group>";
		};
		456B4F5524753981008A7B86 /* Products */ = {
			isa = PBXGroup;
			children = (
				456B4F5424753981008A7B86 /* Memorize-SwiftUI.app */,
			);
			name = Products;
			sourceTree = "<group>";
		};
		456B4F5624753981008A7B86 /* Memorize-SwiftUI */ = {
			isa = PBXGroup;
			children = (
				456B4F5724753981008A7B86 /* AppDelegate.swift */,
				456B4F5924753981008A7B86 /* SceneDelegate.swift */,
				456B4F5B24753981008A7B86 /* EmojiNameGameView.swift */,
				454E8A742486512D00E8CE0F /* Pie.swift */,
				45936146247D5611000D71DF /* Grid.swift */,
				4593614A247D659F000D71DF /* Array+Identifiable.swift */,
				45936148247D6135000D71DF /* GridLayout.swift */,
				45B78467247AB14B002436AE /* EmojiMemoryGame.swift */,
				45B78463247AADBD002436AE /* MemoryGame.swift */,
				4593614C247D9EC7000D71DF /* Array+Only.swift */,
				456B4F5D24753984008A7B86 /* Assets.xcassets */,
				456B4F6224753984008A7B86 /* LaunchScreen.storyboard */,
				456B4F6524753984008A7B86 /* Info.plist */,
				456B4F5F24753984008A7B86 /* Preview Content */,
			);
			path = "Memorize-SwiftUI";
			sourceTree = "<group>";
		};
		456B4F5F24753984008A7B86 /* Preview Content */ = {
			isa = PBXGroup;
			children = (
				456B4F6024753984008A7B86 /* Preview Assets.xcassets */,
			);
			path = "Preview Content";
			sourceTree = "<group>";
		};
/* End PBXGroup section */

/* Begin PBXNativeTarget section */
		456B4F5324753981008A7B86 /* Memorize-SwiftUI */ = {
			isa = PBXNativeTarget;
			buildConfigurationList = 456B4F6824753984008A7B86 /* Build configuration list for PBXNativeTarget "Memorize-SwiftUI" */;
			buildPhases = (
				456B4F5024753981008A7B86 /* Sources */,
				456B4F5124753981008A7B86 /* Frameworks */,
				456B4F5224753981008A7B86 /* Resources */,
			);
			buildRules = (
			);
			dependencies = (
			);
			name = "Memorize-SwiftUI";
			productName = "Memorize-SwiftUI";
			productReference = 456B4F5424753981008A7B86 /* Memorize-SwiftUI.app */;
			productType = "com.apple.product-type.application";
		};
/* End PBXNativeTarget section */

/* Begin PBXProject section */
		456B4F4C24753981008A7B86 /* Project object */ = {
			isa = PBXProject;
			attributes = {
				LastSwiftUpdateCheck = 1140;
				LastUpgradeCheck = 1140;
				ORGANIZATIONNAME = "Laurent B";
				TargetAttributes = {
					456B4F5324753981008A7B86 = {
						CreatedOnToolsVersion = 11.4.1;
					};
				};
			};
			buildConfigurationList = 456B4F4F24753981008A7B86 /* Build configuration list for PBXProject "Memorize-SwiftUI" */;
			compatibilityVersion = "Xcode 9.3";
			developmentRegion = en;
			hasScannedForEncodings = 0;
			knownRegions = (
				en,
				Base,
			);
			mainGroup = 456B4F4B24753981008A7B86;
			productRefGroup = 456B4F5524753981008A7B86 /* Products */;
			projectDirPath = "";
			projectRoot = "";
			targets = (
				456B4F5324753981008A7B86 /* Memorize-SwiftUI */,
			);
		};
/* End PBXProject section */

/* Begin PBXResourcesBuildPhase section */
		456B4F5224753981008A7B86 /* Resources */ = {
			isa = PBXResourcesBuildPhase;
			buildActionMask = 2147483647;
			files = (
				456B4F6424753984008A7B86 /* LaunchScreen.storyboard in Resources */,
				456B4F6124753984008A7B86 /* Preview Assets.xcassets in Resources */,
				456B4F5E24753984008A7B86 /* Assets.xcassets in Resources */,
			);
			runOnlyForDeploymentPostprocessing = 0;
		};
/* End PBXResourcesBuildPhase section */

/* Begin PBXSourcesBuildPhase section */
		456B4F5024753981008A7B86 /* Sources */ = {
			isa = PBXSourcesBuildPhase;
			buildActionMask = 2147483647;
			files = (
				454E8A752486512D00E8CE0F /* Pie.swift in Sources */,
				456B4F5824753981008A7B86 /* AppDelegate.swift in Sources */,
				456B4F5A24753981008A7B86 /* SceneDelegate.swift in Sources */,
				45B78464247AADBD002436AE /* MemoryGame.swift in Sources */,
				4593614D247D9EC7000D71DF /* Array+Only.swift in Sources */,
				456B4F5C24753981008A7B86 /* EmojiNameGameView.swift in Sources */,
				45B78468247AB14B002436AE /* EmojiMemoryGame.swift in Sources */,
				4593614B247D659F000D71DF /* Array+Identifiable.swift in Sources */,
				45936149247D6135000D71DF /* GridLayout.swift in Sources */,
				45936147247D5611000D71DF /* Grid.swift in Sources */,
			);
			runOnlyForDeploymentPostprocessing = 0;
		};
/* End PBXSourcesBuildPhase section */

/* Begin PBXVariantGroup section */
		456B4F6224753984008A7B86 /* LaunchScreen.storyboard */ = {
			isa = PBXVariantGroup;
			children = (
				456B4F6324753984008A7B86 /* Base */,
			);
			name = LaunchScreen.storyboard;
			sourceTree = "<group>";
		};
/* End PBXVariantGroup section */

/* Begin XCBuildConfiguration section */
		456B4F6624753984008A7B86 /* Debug */ = {
			isa = XCBuildConfiguration;
			buildSettings = {
				ALWAYS_SEARCH_USER_PATHS = NO;
				CLANG_ANALYZER_NONNULL = YES;
				CLANG_ANALYZER_NUMBER_OBJECT_CONVERSION = YES_AGGRESSIVE;
				CLANG_CXX_LANGUAGE_STANDARD = "gnu++14";
				CLANG_CXX_LIBRARY = "libc++";
				CLANG_ENABLE_MODULES = YES;
				CLANG_ENABLE_OBJC_ARC = YES;
				CLANG_ENABLE_OBJC_WEAK = YES;
				CLANG_WARN_BLOCK_CAPTURE_AUTORELEASING = YES;
				CLANG_WARN_BOOL_CONVERSION = YES;
				CLANG_WARN_COMMA = YES;
				CLANG_WARN_CONSTANT_CONVERSION = YES;
				CLANG_WARN_DEPRECATED_OBJC_IMPLEMENTATIONS = YES;
				CLANG_WARN_DIRECT_OBJC_ISA_USAGE = YES_ERROR;
				CLANG_WARN_DOCUMENTATION_COMMENTS = YES;
				CLANG_WARN_EMPTY_BODY = YES;
				CLANG_WARN_ENUM_CONVERSION = YES;
				CLANG_WARN_INFINITE_RECURSION = YES;
				CLANG_WARN_INT_CONVERSION = YES;
				CLANG_WARN_NON_LITERAL_NULL_CONVERSION = YES;
				CLANG_WARN_OBJC_IMPLICIT_RETAIN_SELF = YES;
				CLANG_WARN_OBJC_LITERAL_CONVERSION = YES;
				CLANG_WARN_OBJC_ROOT_CLASS = YES_ERROR;
				CLANG_WARN_RANGE_LOOP_ANALYSIS = YES;
				CLANG_WARN_STRICT_PROTOTYPES = YES;
				CLANG_WARN_SUSPICIOUS_MOVE = YES;
				CLANG_WARN_UNGUARDED_AVAILABILITY = YES_AGGRESSIVE;
				CLANG_WARN_UNREACHABLE_CODE = YES;
				CLANG_WARN__DUPLICATE_METHOD_MATCH = YES;
				COPY_PHASE_STRIP = NO;
				DEBUG_INFORMATION_FORMAT = dwarf;
				ENABLE_STRICT_OBJC_MSGSEND = YES;
				ENABLE_TESTABILITY = YES;
				GCC_C_LANGUAGE_STANDARD = gnu11;
				GCC_DYNAMIC_NO_PIC = NO;
				GCC_NO_COMMON_BLOCKS = YES;
				GCC_OPTIMIZATION_LEVEL = 0;
				GCC_PREPROCESSOR_DEFINITIONS = (
					"DEBUG=1",
					"$(inherited)",
				);
				GCC_WARN_64_TO_32_BIT_CONVERSION = YES;
				GCC_WARN_ABOUT_RETURN_TYPE = YES_ERROR;
				GCC_WARN_UNDECLARED_SELECTOR = YES;
				GCC_WARN_UNINITIALIZED_AUTOS = YES_AGGRESSIVE;
				GCC_WARN_UNUSED_FUNCTION = YES;
				GCC_WARN_UNUSED_VARIABLE = YES;
				IPHONEOS_DEPLOYMENT_TARGET = 13.4;
				MTL_ENABLE_DEBUG_INFO = INCLUDE_SOURCE;
				MTL_FAST_MATH = YES;
				ONLY_ACTIVE_ARCH = YES;
				SDKROOT = iphoneos;
				SWIFT_ACTIVE_COMPILATION_CONDITIONS = DEBUG;
				SWIFT_OPTIMIZATION_LEVEL = "-Onone";
			};
			name = Debug;
		};
		456B4F6724753984008A7B86 /* Release */ = {
			isa = XCBuildConfiguration;
			buildSettings = {
				ALWAYS_SEARCH_USER_PATHS = NO;
				CLANG_ANALYZER_NONNULL = YES;
				CLANG_ANALYZER_NUMBER_OBJECT_CONVERSION = YES_AGGRESSIVE;
				CLANG_CXX_LANGUAGE_STANDARD = "gnu++14";
				CLANG_CXX_LIBRARY = "libc++";
				CLANG_ENABLE_MODULES = YES;
				CLANG_ENABLE_OBJC_ARC = YES;
				CLANG_ENABLE_OBJC_WEAK = YES;
				CLANG_WARN_BLOCK_CAPTURE_AUTORELEASING = YES;
				CLANG_WARN_BOOL_CONVERSION = YES;
				CLANG_WARN_COMMA = YES;
				CLANG_WARN_CONSTANT_CONVERSION = YES;
				CLANG_WARN_DEPRECATED_OBJC_IMPLEMENTATIONS = YES;
				CLANG_WARN_DIRECT_OBJC_ISA_USAGE = YES_ERROR;
				CLANG_WARN_DOCUMENTATION_COMMENTS = YES;
				CLANG_WARN_EMPTY_BODY = YES;
				CLANG_WARN_ENUM_CONVERSION = YES;
				CLANG_WARN_INFINITE_RECURSION = YES;
				CLANG_WARN_INT_CONVERSION = YES;
				CLANG_WARN_NON_LITERAL_NULL_CONVERSION = YES;
				CLANG_WARN_OBJC_IMPLICIT_RETAIN_SELF = YES;
				CLANG_WARN_OBJC_LITERAL_CONVERSION = YES;
				CLANG_WARN_OBJC_ROOT_CLASS = YES_ERROR;
				CLANG_WARN_RANGE_LOOP_ANALYSIS = YES;
				CLANG_WARN_STRICT_PROTOTYPES = YES;
				CLANG_WARN_SUSPICIOUS_MOVE = YES;
				CLANG_WARN_UNGUARDED_AVAILABILITY = YES_AGGRESSIVE;
				CLANG_WARN_UNREACHABLE_CODE = YES;
				CLANG_WARN__DUPLICATE_METHOD_MATCH = YES;
				COPY_PHASE_STRIP = NO;
				DEBUG_INFORMATION_FORMAT = "dwarf-with-dsym";
				ENABLE_NS_ASSERTIONS = NO;
				ENABLE_STRICT_OBJC_MSGSEND = YES;
				GCC_C_LANGUAGE_STANDARD = gnu11;
				GCC_NO_COMMON_BLOCKS = YES;
				GCC_WARN_64_TO_32_BIT_CONVERSION = YES;
				GCC_WARN_ABOUT_RETURN_TYPE = YES_ERROR;
				GCC_WARN_UNDECLARED_SELECTOR = YES;
				GCC_WARN_UNINITIALIZED_AUTOS = YES_AGGRESSIVE;
				GCC_WARN_UNUSED_FUNCTION = YES;
				GCC_WARN_UNUSED_VARIABLE = YES;
				IPHONEOS_DEPLOYMENT_TARGET = 13.4;
				MTL_ENABLE_DEBUG_INFO = NO;
				MTL_FAST_MATH = YES;
				SDKROOT = iphoneos;
				SWIFT_COMPILATION_MODE = wholemodule;
				SWIFT_OPTIMIZATION_LEVEL = "-O";
				VALIDATE_PRODUCT = YES;
			};
			name = Release;
		};
		456B4F6924753984008A7B86 /* Debug */ = {
			isa = XCBuildConfiguration;
			buildSettings = {
				ASSETCATALOG_COMPILER_APPICON_NAME = AppIcon;
				CODE_SIGN_STYLE = Automatic;
				DEVELOPMENT_ASSET_PATHS = "\"Memorize-SwiftUI/Preview Content\"";
				DEVELOPMENT_TEAM = GGXD5E6AF8;
				ENABLE_PREVIEWS = YES;
				INFOPLIST_FILE = "Memorize-SwiftUI/Info.plist";
				LD_RUNPATH_SEARCH_PATHS = (
					"$(inherited)",
					"@executable_path/Frameworks",
				);
				PRODUCT_BUNDLE_IDENTIFIER = "com.laurentb.Memorize-SwiftUI";
				PRODUCT_NAME = "$(TARGET_NAME)";
				SWIFT_VERSION = 5.0;
				TARGETED_DEVICE_FAMILY = "1,2";
			};
			name = Debug;
		};
		456B4F6A24753984008A7B86 /* Release */ = {
			isa = XCBuildConfiguration;
			buildSettings = {
				ASSETCATALOG_COMPILER_APPICON_NAME = AppIcon;
				CODE_SIGN_STYLE = Automatic;
				DEVELOPMENT_ASSET_PATHS = "\"Memorize-SwiftUI/Preview Content\"";
				DEVELOPMENT_TEAM = GGXD5E6AF8;
				ENABLE_PREVIEWS = YES;
				INFOPLIST_FILE = "Memorize-SwiftUI/Info.plist";
				LD_RUNPATH_SEARCH_PATHS = (
					"$(inherited)",
					"@executable_path/Frameworks",
				);
				PRODUCT_BUNDLE_IDENTIFIER = "com.laurentb.Memorize-SwiftUI";
				PRODUCT_NAME = "$(TARGET_NAME)";
				SWIFT_VERSION = 5.0;
				TARGETED_DEVICE_FAMILY = "1,2";
			};
			name = Release;
		};
/* End XCBuildConfiguration section */

/* Begin XCConfigurationList section */
		456B4F4F24753981008A7B86 /* Build configuration list for PBXProject "Memorize-SwiftUI" */ = {
			isa = XCConfigurationList;
			buildConfigurations = (
				456B4F6624753984008A7B86 /* Debug */,
				456B4F6724753984008A7B86 /* Release */,
			);
			defaultConfigurationIsVisible = 0;
			defaultConfigurationName = Release;
		};
		456B4F6824753984008A7B86 /* Build configuration list for PBXNativeTarget "Memorize-SwiftUI" */ = {
			isa = XCConfigurationList;
			buildConfigurations = (
				456B4F6924753984008A7B86 /* Debug */,
				456B4F6A24753984008A7B86 /* Release */,
			);
			defaultConfigurationIsVisible = 0;
			defaultConfigurationName = Release;
		};
/* End XCConfigurationList section */
	};
	rootObject = 456B4F4C24753981008A7B86 /* Project object */;
}
